
Microsoft Visual Studio Solution File, Format Version 12.00
# Visual Studio 15
VisualStudioVersion = 15.0.28307.106
MinimumVisualStudioVersion = 10.0.40219.1
Project("{FAE04EC0-301F-11D3-BF4B-00C04F79EFBC}") = "Launcher", "Launcher\Launcher.csproj", "{F645CC7E-62CC-4A40-9881-6D4EC091CC63}"
EndProject
Global
	GlobalSection(SolutionConfigurationPlatforms) = preSolution
		Debug|Any CPU = Debug|Any CPU
		Release|Any CPU = Release|Any CPU
	EndGlobalSection
	GlobalSection(ProjectConfigurationPlatforms) = postSolution
		{F645CC7E-62CC-4A40-9881-6D4EC091CC63}.Debug|Any CPU.ActiveCfg = Debug|Any CPU
		{F645CC7E-62CC-4A40-9881-6D4EC091CC63}.Debug|Any CPU.Build.0 = Debug|Any CPU
		{F645CC7E-62CC-4A40-9881-6D4EC091CC63}.Release|Any CPU.ActiveCfg = Release|Any CPU
		{F645CC7E-62CC-4A40-9881-6D4EC091CC63}.Release|Any CPU.Build.0 = Release|Any CPU
	EndGlobalSection
	GlobalSection(SolutionProperties) = preSolution
		HideSolutionNode = FALSE
	EndGlobalSection
	GlobalSection(ExtensibilityGlobals) = postSolution
		SolutionGuid = {5CA3F996-917B-406E-9BC6-665F3943F5D6}
	EndGlobalSection
EndGlobal
